# This file is automatically @generated by Poetry 2.1.1 and should not be changed by hand.

[[package]]
name = "black"
version = "25.1.0"
description = "The uncompromising code formatter."
optional = false
python-versions = ">=3.9"
groups = ["dev"]
files = [
    {file = "black-25.1.0-cp310-cp310-macosx_10_9_x86_64.whl", hash = "sha256:759e7ec1e050a15f89b770cefbf91ebee8917aac5c20483bc2d80a6c3a04df32"},
    {file = "black-25.1.0-cp310-cp310-macosx_11_0_arm64.whl", hash = "sha256:0e519ecf93120f34243e6b0054db49c00a35f84f195d5bce7e9f5cfc578fc2da"},
    {file = "black-25.1.0-cp310-cp310-manylinux_2_17_x86_64.manylinux2014_x86_64.manylinux_2_28_x86_64.whl", hash = "sha256:055e59b198df7ac0b7efca5ad7ff2516bca343276c466be72eb04a3bcc1f82d7"},
    {file = "black-25.1.0-cp310-cp310-win_amd64.whl", hash = "sha256:db8ea9917d6f8fc62abd90d944920d95e73c83a5ee3383493e35d271aca872e9"},
    {file = "black-25.1.0-cp311-cp311-macosx_10_9_x86_64.whl", hash = "sha256:a39337598244de4bae26475f77dda852ea00a93bd4c728e09eacd827ec929df0"},
    {file = "black-25.1.0-cp311-cp311-macosx_11_0_arm64.whl", hash = "sha256:96c1c7cd856bba8e20094e36e0f948718dc688dba4a9d78c3adde52b9e6c2299"},
    {file = "black-25.1.0-cp311-cp311-manylinux_2_17_x86_64.manylinux2014_x86_64.manylinux_2_28_x86_64.whl", hash = "sha256:bce2e264d59c91e52d8000d507eb20a9aca4a778731a08cfff7e5ac4a4bb7096"},
    {file = "black-25.1.0-cp311-cp311-win_amd64.whl", hash = "sha256:172b1dbff09f86ce6f4eb8edf9dede08b1fce58ba194c87d7a4f1a5aa2f5b3c2"},
    {file = "black-25.1.0-cp312-cp312-macosx_10_13_x86_64.whl", hash = "sha256:4b60580e829091e6f9238c848ea6750efed72140b91b048770b64e74fe04908b"},
    {file = "black-25.1.0-cp312-cp312-macosx_11_0_arm64.whl", hash = "sha256:1e2978f6df243b155ef5fa7e558a43037c3079093ed5d10fd84c43900f2d8ecc"},
    {file = "black-25.1.0-cp312-cp312-manylinux_2_17_x86_64.manylinux2014_x86_64.manylinux_2_28_x86_64.whl", hash = "sha256:3b48735872ec535027d979e8dcb20bf4f70b5ac75a8ea99f127c106a7d7aba9f"},
    {file = "black-25.1.0-cp312-cp312-win_amd64.whl", hash = "sha256:ea0213189960bda9cf99be5b8c8ce66bb054af5e9e861249cd23471bd7b0b3ba"},
    {file = "black-25.1.0-cp313-cp313-macosx_10_13_x86_64.whl", hash = "sha256:8f0b18a02996a836cc9c9c78e5babec10930862827b1b724ddfe98ccf2f2fe4f"},
    {file = "black-25.1.0-cp313-cp313-macosx_11_0_arm64.whl", hash = "sha256:afebb7098bfbc70037a053b91ae8437c3857482d3a690fefc03e9ff7aa9a5fd3"},
    {file = "black-25.1.0-cp313-cp313-manylinux_2_17_x86_64.manylinux2014_x86_64.manylinux_2_28_x86_64.whl", hash = "sha256:030b9759066a4ee5e5aca28c3c77f9c64789cdd4de8ac1df642c40b708be6171"},
    {file = "black-25.1.0-cp313-cp313-win_amd64.whl", hash = "sha256:a22f402b410566e2d1c950708c77ebf5ebd5d0d88a6a2e87c86d9fb48afa0d18"},
    {file = "black-25.1.0-cp39-cp39-macosx_10_9_x86_64.whl", hash = "sha256:a1ee0a0c330f7b5130ce0caed9936a904793576ef4d2b98c40835d6a65afa6a0"},
    {file = "black-25.1.0-cp39-cp39-macosx_11_0_arm64.whl", hash = "sha256:f3df5f1bf91d36002b0a75389ca8663510cf0531cca8aa5c1ef695b46d98655f"},
    {file = "black-25.1.0-cp39-cp39-manylinux_2_17_x86_64.manylinux2014_x86_64.manylinux_2_28_x86_64.whl", hash = "sha256:d9e6827d563a2c820772b32ce8a42828dc6790f095f441beef18f96aa6f8294e"},
    {file = "black-25.1.0-cp39-cp39-win_amd64.whl", hash = "sha256:bacabb307dca5ebaf9c118d2d2f6903da0d62c9faa82bd21a33eecc319559355"},
    {file = "black-25.1.0-py3-none-any.whl", hash = "sha256:95e8176dae143ba9097f351d174fdaf0ccd29efb414b362ae3fd72bf0f710717"},
    {file = "black-25.1.0.tar.gz", hash = "sha256:33496d5cd1222ad73391352b4ae8da15253c5de89b93a80b3e2c8d9a19ec2666"},
]

[package.dependencies]
click = ">=8.0.0"
mypy-extensions = ">=0.4.3"
packaging = ">=22.0"
pathspec = ">=0.9.0"
platformdirs = ">=2"
tomli = {version = ">=1.1.0", markers = "python_version < \"3.11\""}
typing-extensions = {version = ">=4.0.1", markers = "python_version < \"3.11\""}

[package.extras]
colorama = ["colorama (>=0.4.3)"]
d = ["aiohttp (>=3.10)"]
jupyter = ["ipython (>=7.8.0)", "tokenize-rt (>=3.2.0)"]
uvloop = ["uvloop (>=0.15.2)"]

[[package]]
name = "cfgv"
version = "3.4.0"
description = "Validate configuration and produce human readable error messages."
optional = false
python-versions = ">=3.8"
groups = ["dev"]
files = [
    {file = "cfgv-3.4.0-py2.py3-none-any.whl", hash = "sha256:b7265b1f29fd3316bfcd2b330d63d024f2bfd8bcb8b0272f8e19a504856c48f9"},
    {file = "cfgv-3.4.0.tar.gz", hash = "sha256:e52591d4c5f5dead8e0f673fb16db7949d2cfb3f7da4582893288f0ded8fe560"},
]

[[package]]
name = "click"
version = "8.1.8"
description = "Composable command line interface toolkit"
optional = false
python-versions = ">=3.7"
groups = ["dev"]
files = [
    {file = "click-8.1.8-py3-none-any.whl", hash = "sha256:63c132bbbed01578a06712a2d1f497bb62d9c1c0d329b7903a866228027263b2"},
    {file = "click-8.1.8.tar.gz", hash = "sha256:ed53c9d8990d83c2a27deae68e4ee337473f6330c040a31d4225c9574d16096a"},
]

[package.dependencies]
colorama = {version = "*", markers = "platform_system == \"Windows\""}

[[package]]
name = "colorama"
version = "0.4.6"
description = "Cross-platform colored terminal text."
optional = false
python-versions = "!=3.0.*,!=3.1.*,!=3.2.*,!=3.3.*,!=3.4.*,!=3.5.*,!=3.6.*,>=2.7"
groups = ["dev", "test"]
files = [
    {file = "colorama-0.4.6-py2.py3-none-any.whl", hash = "sha256:4f1d9991f5acc0ca119f9d443620b77f9d6b33703e51011c16baf57afb285fc6"},
    {file = "colorama-0.4.6.tar.gz", hash = "sha256:08695f5cb7ed6e0531a20572697297273c47b8cae5a63ffc6d6ed5c201be6e44"},
]
markers = {dev = "platform_system == \"Windows\"", test = "sys_platform == \"win32\""}

[[package]]
name = "cssselect"
version = "1.3.0"
description = "cssselect parses CSS3 Selectors and translates them to XPath 1.0"
optional = false
python-versions = ">=3.9"
groups = ["dev"]
files = [
    {file = "cssselect-1.3.0-py3-none-any.whl", hash = "sha256:56d1bf3e198080cc1667e137bc51de9cadfca259f03c2d4e09037b3e01e30f0d"},
    {file = "cssselect-1.3.0.tar.gz", hash = "sha256:57f8a99424cfab289a1b6a816a43075a4b00948c86b4dcf3ef4ee7e15f7ab0c7"},
]

[[package]]
name = "distlib"
version = "0.3.9"
description = "Distribution utilities"
optional = false
python-versions = "*"
groups = ["dev"]
files = [
    {file = "distlib-0.3.9-py2.py3-none-any.whl", hash = "sha256:47f8c22fd27c27e25a65601af709b38e4f0a45ea4fc2e710f65755fa8caaaf87"},
    {file = "distlib-0.3.9.tar.gz", hash = "sha256:a60f20dea646b8a33f3e7772f74dc0b2d0772d2837ee1342a00645c81edf9403"},
]

[[package]]
name = "exceptiongroup"
version = "1.2.2"
description = "Backport of PEP 654 (exception groups)"
optional = false
python-versions = ">=3.7"
groups = ["test"]
markers = "python_version < \"3.11\""
files = [
    {file = "exceptiongroup-1.2.2-py3-none-any.whl", hash = "sha256:3111b9d131c238bec2f8f516e123e14ba243563fb135d3fe885990585aa7795b"},
    {file = "exceptiongroup-1.2.2.tar.gz", hash = "sha256:47c2edf7c6738fafb49fd34290706d1a1a2f4d1c6df275526b62cbb4aa5393cc"},
]

[package.extras]
test = ["pytest (>=6)"]

[[package]]
name = "filelock"
version = "3.18.0"
description = "A platform independent file lock."
optional = false
python-versions = ">=3.9"
groups = ["dev"]
files = [
    {file = "filelock-3.18.0-py3-none-any.whl", hash = "sha256:c401f4f8377c4464e6db25fff06205fd89bdd83b65eb0488ed1b160f780e21de"},
    {file = "filelock-3.18.0.tar.gz", hash = "sha256:adbc88eabb99d2fec8c9c1b229b171f18afa655400173ddc653d5d01501fb9f2"},
]

[package.extras]
docs = ["furo (>=2024.8.6)", "sphinx (>=8.1.3)", "sphinx-autodoc-typehints (>=3)"]
testing = ["covdefaults (>=2.3)", "coverage (>=7.6.10)", "diff-cover (>=9.2.1)", "pytest (>=8.3.4)", "pytest-asyncio (>=0.25.2)", "pytest-cov (>=6)", "pytest-mock (>=3.14)", "pytest-timeout (>=2.3.1)", "virtualenv (>=20.28.1)"]
typing = ["typing-extensions (>=4.12.2) ; python_version < \"3.11\""]

[[package]]
name = "identify"
version = "2.6.9"
description = "File identification library for Python"
optional = false
python-versions = ">=3.9"
groups = ["dev"]
files = [
    {file = "identify-2.6.9-py2.py3-none-any.whl", hash = "sha256:c98b4322da415a8e5a70ff6e51fbc2d2932c015532d77e9f8537b4ba7813b150"},
    {file = "identify-2.6.9.tar.gz", hash = "sha256:d40dfe3142a1421d8518e3d3985ef5ac42890683e32306ad614a29490abeb6bf"},
]

[package.extras]
license = ["ukkonen"]

[[package]]
name = "iniconfig"
version = "2.1.0"
description = "brain-dead simple config-ini parsing"
optional = false
python-versions = ">=3.8"
groups = ["test"]
files = [
    {file = "iniconfig-2.1.0-py3-none-any.whl", hash = "sha256:9deba5723312380e77435581c6bf4935c94cbfab9b1ed33ef8d238ea168eb760"},
    {file = "iniconfig-2.1.0.tar.gz", hash = "sha256:3abbd2e30b36733fee78f9c7f7308f2d0050e88f0087fd25c2645f63c773e1c7"},
]

[[package]]
name = "isort"
version = "6.0.1"
description = "A Python utility / library to sort Python imports."
optional = false
python-versions = ">=3.9.0"
groups = ["dev"]
files = [
    {file = "isort-6.0.1-py3-none-any.whl", hash = "sha256:2dc5d7f65c9678d94c88dfc29161a320eec67328bc97aad576874cb4be1e9615"},
    {file = "isort-6.0.1.tar.gz", hash = "sha256:1cb5df28dfbc742e490c5e41bad6da41b805b0a8be7bc93cd0fb2a8a890ac450"},
]

[package.extras]
colors = ["colorama"]
plugins = ["setuptools"]

[[package]]
name = "lxml"
version = "6.0.1"
description = "Powerful and Pythonic XML processing library combining libxml2/libxslt with the ElementTree API."
optional = false
python-versions = ">=3.8"
groups = ["main"]
files = [
    {file = "lxml-6.0.1-cp310-cp310-macosx_10_9_universal2.whl", hash = "sha256:3b38e20c578149fdbba1fd3f36cb1928a3aaca4b011dfd41ba09d11fb396e1b9"},
    {file = "lxml-6.0.1-cp310-cp310-macosx_10_9_x86_64.whl", hash = "sha256:11a052cbd013b7140bbbb38a14e2329b6192478344c99097e378c691b7119551"},
    {file = "lxml-6.0.1-cp310-cp310-manylinux2014_aarch64.manylinux_2_17_aarch64.whl", hash = "sha256:21344d29c82ca8547ea23023bb8e7538fa5d4615a1773b991edf8176a870c1ea"},
    {file = "lxml-6.0.1-cp310-cp310-manylinux2014_x86_64.manylinux_2_17_x86_64.whl", hash = "sha256:aa8f130f4b2dc94baa909c17bb7994f0268a2a72b9941c872e8e558fd6709050"},
    {file = "lxml-6.0.1-cp310-cp310-manylinux_2_26_aarch64.manylinux_2_28_aarch64.whl", hash = "sha256:4588806a721552692310ebe9f90c17ac6c7c5dac438cd93e3d74dd60531c3211"},
    {file = "lxml-6.0.1-cp310-cp310-manylinux_2_26_i686.manylinux_2_28_i686.whl", hash = "sha256:8466faa66b0353802fb7c054a400ac17ce2cf416e3ad8516eadeff9cba85b741"},
    {file = "lxml-6.0.1-cp310-cp310-manylinux_2_26_x86_64.manylinux_2_28_x86_64.whl", hash = "sha256:50b5e54f6a9461b1e9c08b4a3420415b538d4773bd9df996b9abcbfe95f4f1fd"},
    {file = "lxml-6.0.1-cp310-cp310-manylinux_2_31_armv7l.whl", hash = "sha256:6f393e10685b37f15b1daef8aa0d734ec61860bb679ec447afa0001a31e7253f"},
    {file = "lxml-6.0.1-cp310-cp310-musllinux_1_2_aarch64.whl", hash = "sha256:07038c62fd0fe2743e2f5326f54d464715373c791035d7dda377b3c9a5d0ad77"},
    {file = "lxml-6.0.1-cp310-cp310-musllinux_1_2_armv7l.whl", hash = "sha256:7a44a5fb1edd11b3a65c12c23e1049c8ae49d90a24253ff18efbcb6aa042d012"},
    {file = "lxml-6.0.1-cp310-cp310-musllinux_1_2_x86_64.whl", hash = "sha256:a57d9eb9aadf311c9e8785230eec83c6abb9aef2adac4c0587912caf8f3010b8"},
    {file = "lxml-6.0.1-cp310-cp310-win32.whl", hash = "sha256:d877874a31590b72d1fa40054b50dc33084021bfc15d01b3a661d85a302af821"},
    {file = "lxml-6.0.1-cp310-cp310-win_amd64.whl", hash = "sha256:c43460f4aac016ee0e156bfa14a9de9b3e06249b12c228e27654ac3996a46d5b"},
    {file = "lxml-6.0.1-cp310-cp310-win_arm64.whl", hash = "sha256:615bb6c73fed7929e3a477a3297a797892846b253d59c84a62c98bdce3849a0a"},
    {file = "lxml-6.0.1-cp311-cp311-macosx_10_9_universal2.whl", hash = "sha256:c6acde83f7a3d6399e6d83c1892a06ac9b14ea48332a5fbd55d60b9897b9570a"},
    {file = "lxml-6.0.1-cp311-cp311-macosx_10_9_x86_64.whl", hash = "sha256:0d21c9cacb6a889cbb8eeb46c77ef2c1dd529cde10443fdeb1de847b3193c541"},
    {file = "lxml-6.0.1-cp311-cp311-manylinux2014_aarch64.manylinux_2_17_aarch64.whl", hash = "sha256:847458b7cd0d04004895f1fb2cca8e7c0f8ec923c49c06b7a72ec2d48ea6aca2"},
    {file = "lxml-6.0.1-cp311-cp311-manylinux2014_x86_64.manylinux_2_17_x86_64.whl", hash = "sha256:1dc13405bf315d008fe02b1472d2a9d65ee1c73c0a06de5f5a45e6e404d9a1c0"},
    {file = "lxml-6.0.1-cp311-cp311-manylinux_2_26_aarch64.manylinux_2_28_aarch64.whl", hash = "sha256:70f540c229a8c0a770dcaf6d5af56a5295e0fc314fc7ef4399d543328054bcea"},
    {file = "lxml-6.0.1-cp311-cp311-manylinux_2_26_i686.manylinux_2_28_i686.whl", hash = "sha256:d2f73aef768c70e8deb8c4742fca4fd729b132fda68458518851c7735b55297e"},
    {file = "lxml-6.0.1-cp311-cp311-manylinux_2_26_x86_64.manylinux_2_28_x86_64.whl", hash = "sha256:e7f4066b85a4fa25ad31b75444bd578c3ebe6b8ed47237896341308e2ce923c3"},
    {file = "lxml-6.0.1-cp311-cp311-manylinux_2_31_armv7l.whl", hash = "sha256:0cce65db0cd8c750a378639900d56f89f7d6af11cd5eda72fde054d27c54b8ce"},
    {file = "lxml-6.0.1-cp311-cp311-musllinux_1_2_aarch64.whl", hash = "sha256:c372d42f3eee5844b69dcab7b8d18b2f449efd54b46ac76970d6e06b8e8d9a66"},
    {file = "lxml-6.0.1-cp311-cp311-musllinux_1_2_armv7l.whl", hash = "sha256:2e2b0e042e1408bbb1c5f3cfcb0f571ff4ac98d8e73f4bf37c5dd179276beedd"},
    {file = "lxml-6.0.1-cp311-cp311-musllinux_1_2_x86_64.whl", hash = "sha256:cc73bb8640eadd66d25c5a03175de6801f63c535f0f3cf50cac2f06a8211f420"},
    {file = "lxml-6.0.1-cp311-cp311-win32.whl", hash = "sha256:7c23fd8c839708d368e406282d7953cee5134f4592ef4900026d84566d2b4c88"},
    {file = "lxml-6.0.1-cp311-cp311-win_amd64.whl", hash = "sha256:2516acc6947ecd3c41a4a4564242a87c6786376989307284ddb115f6a99d927f"},
    {file = "lxml-6.0.1-cp311-cp311-win_arm64.whl", hash = "sha256:cb46f8cfa1b0334b074f40c0ff94ce4d9a6755d492e6c116adb5f4a57fb6ad96"},
    {file = "lxml-6.0.1-cp312-cp312-macosx_10_13_universal2.whl", hash = "sha256:c03ac546adaabbe0b8e4a15d9ad815a281afc8d36249c246aecf1aaad7d6f200"},
    {file = "lxml-6.0.1-cp312-cp312-macosx_10_13_x86_64.whl", hash = "sha256:33b862c7e3bbeb4ba2c96f3a039f925c640eeba9087a4dc7a572ec0f19d89392"},
    {file = "lxml-6.0.1-cp312-cp312-manylinux2014_aarch64.manylinux_2_17_aarch64.whl", hash = "sha256:7a3ec1373f7d3f519de595032d4dcafae396c29407cfd5073f42d267ba32440d"},
    {file = "lxml-6.0.1-cp312-cp312-manylinux2014_x86_64.manylinux_2_17_x86_64.whl", hash = "sha256:03b12214fb1608f4cffa181ec3d046c72f7e77c345d06222144744c122ded870"},
    {file = "lxml-6.0.1-cp312-cp312-manylinux_2_26_aarch64.manylinux_2_28_aarch64.whl", hash = "sha256:207ae0d5f0f03b30f95e649a6fa22aa73f5825667fee9c7ec6854d30e19f2ed8"},
    {file = "lxml-6.0.1-cp312-cp312-manylinux_2_26_i686.manylinux_2_28_i686.whl", hash = "sha256:32297b09ed4b17f7b3f448de87a92fb31bb8747496623483788e9f27c98c0f00"},
    {file = "lxml-6.0.1-cp312-cp312-manylinux_2_26_ppc64le.manylinux_2_28_ppc64le.whl", hash = "sha256:7e18224ea241b657a157c85e9cac82c2b113ec90876e01e1f127312006233756"},
    {file = "lxml-6.0.1-cp312-cp312-manylinux_2_26_x86_64.manylinux_2_28_x86_64.whl", hash = "sha256:a07a994d3c46cd4020c1ea566345cf6815af205b1e948213a4f0f1d392182072"},
    {file = "lxml-6.0.1-cp312-cp312-manylinux_2_31_armv7l.whl", hash = "sha256:2287fadaa12418a813b05095485c286c47ea58155930cfbd98c590d25770e225"},
    {file = "lxml-6.0.1-cp312-cp312-manylinux_2_38_riscv64.manylinux_2_39_riscv64.whl", hash = "sha256:b4e597efca032ed99f418bd21314745522ab9fa95af33370dcee5533f7f70136"},
    {file = "lxml-6.0.1-cp312-cp312-musllinux_1_2_aarch64.whl", hash = "sha256:9696d491f156226decdd95d9651c6786d43701e49f32bf23715c975539aa2b3b"},
    {file = "lxml-6.0.1-cp312-cp312-musllinux_1_2_armv7l.whl", hash = "sha256:e4e3cd3585f3c6f87cdea44cda68e692cc42a012f0131d25957ba4ce755241a7"},
    {file = "lxml-6.0.1-cp312-cp312-musllinux_1_2_ppc64le.whl", hash = "sha256:45cbc92f9d22c28cd3b97f8d07fcefa42e569fbd587dfdac76852b16a4924277"},
    {file = "lxml-6.0.1-cp312-cp312-musllinux_1_2_riscv64.whl", hash = "sha256:f8c9bcfd2e12299a442fba94459adf0b0d001dbc68f1594439bfa10ad1ecb74b"},
    {file = "lxml-6.0.1-cp312-cp312-musllinux_1_2_x86_64.whl", hash = "sha256:1e9dc2b9f1586e7cd77753eae81f8d76220eed9b768f337dc83a3f675f2f0cf9"},
    {file = "lxml-6.0.1-cp312-cp312-win32.whl", hash = "sha256:987ad5c3941c64031f59c226167f55a04d1272e76b241bfafc968bdb778e07fb"},
    {file = "lxml-6.0.1-cp312-cp312-win_amd64.whl", hash = "sha256:abb05a45394fd76bf4a60c1b7bec0e6d4e8dfc569fc0e0b1f634cd983a006ddc"},
    {file = "lxml-6.0.1-cp312-cp312-win_arm64.whl", hash = "sha256:c4be29bce35020d8579d60aa0a4e95effd66fcfce31c46ffddf7e5422f73a299"},
    {file = "lxml-6.0.1-cp313-cp313-macosx_10_13_universal2.whl", hash = "sha256:485eda5d81bb7358db96a83546949c5fe7474bec6c68ef3fa1fb61a584b00eea"},
    {file = "lxml-6.0.1-cp313-cp313-macosx_10_13_x86_64.whl", hash = "sha256:d12160adea318ce3d118f0b4fbdff7d1225c75fb7749429541b4d217b85c3f76"},
    {file = "lxml-6.0.1-cp313-cp313-manylinux2014_aarch64.manylinux_2_17_aarch64.whl", hash = "sha256:48c8d335d8ab72f9265e7ba598ae5105a8272437403f4032107dbcb96d3f0b29"},
    {file = "lxml-6.0.1-cp313-cp313-manylinux2014_x86_64.manylinux_2_17_x86_64.whl", hash = "sha256:405e7cf9dbdbb52722c231e0f1257214202dfa192327fab3de45fd62e0554082"},
    {file = "lxml-6.0.1-cp313-cp313-manylinux_2_26_aarch64.manylinux_2_28_aarch64.whl", hash = "sha256:299a790d403335a6a057ade46f92612ebab87b223e4e8c5308059f2dc36f45ed"},
    {file = "lxml-6.0.1-cp313-cp313-manylinux_2_26_i686.manylinux_2_28_i686.whl", hash = "sha256:48da704672f6f9c461e9a73250440c647638cc6ff9567ead4c3b1f189a604ee8"},
    {file = "lxml-6.0.1-cp313-cp313-manylinux_2_26_ppc64le.manylinux_2_28_ppc64le.whl", hash = "sha256:21e364e1bb731489e3f4d51db416f991a5d5da5d88184728d80ecfb0904b1d68"},
    {file = "lxml-6.0.1-cp313-cp313-manylinux_2_26_x86_64.manylinux_2_28_x86_64.whl", hash = "sha256:1bce45a2c32032afddbd84ed8ab092130649acb935536ef7a9559636ce7ffd4a"},
    {file = "lxml-6.0.1-cp313-cp313-manylinux_2_31_armv7l.whl", hash = "sha256:fa164387ff20ab0e575fa909b11b92ff1481e6876835014e70280769920c4433"},
    {file = "lxml-6.0.1-cp313-cp313-manylinux_2_38_riscv64.manylinux_2_39_riscv64.whl", hash = "sha256:7587ac5e000e1594e62278422c5783b34a82b22f27688b1074d71376424b73e8"},
    {file = "lxml-6.0.1-cp313-cp313-musllinux_1_2_aarch64.whl", hash = "sha256:57478424ac4c9170eabf540237125e8d30fad1940648924c058e7bc9fb9cf6dd"},
    {file = "lxml-6.0.1-cp313-cp313-musllinux_1_2_armv7l.whl", hash = "sha256:09c74afc7786c10dd6afaa0be2e4805866beadc18f1d843cf517a7851151b499"},
    {file = "lxml-6.0.1-cp313-cp313-musllinux_1_2_ppc64le.whl", hash = "sha256:7fd70681aeed83b196482d42a9b0dc5b13bab55668d09ad75ed26dff3be5a2f5"},
    {file = "lxml-6.0.1-cp313-cp313-musllinux_1_2_riscv64.whl", hash = "sha256:10a72e456319b030b3dd900df6b1f19d89adf06ebb688821636dc406788cf6ac"},
    {file = "lxml-6.0.1-cp313-cp313-musllinux_1_2_x86_64.whl", hash = "sha256:b0fa45fb5f55111ce75b56c703843b36baaf65908f8b8d2fbbc0e249dbc127ed"},
    {file = "lxml-6.0.1-cp313-cp313-win32.whl", hash = "sha256:01dab65641201e00c69338c9c2b8a0f2f484b6b3a22d10779bb417599fae32b5"},
    {file = "lxml-6.0.1-cp313-cp313-win_amd64.whl", hash = "sha256:bdf8f7c8502552d7bff9e4c98971910a0a59f60f88b5048f608d0a1a75e94d1c"},
    {file = "lxml-6.0.1-cp313-cp313-win_arm64.whl", hash = "sha256:a6aeca75959426b9fd8d4782c28723ba224fe07cfa9f26a141004210528dcbe2"},
    {file = "lxml-6.0.1-cp314-cp314-macosx_10_13_universal2.whl", hash = "sha256:29b0e849ec7030e3ecb6112564c9f7ad6881e3b2375dd4a0c486c5c1f3a33859"},
    {file = "lxml-6.0.1-cp314-cp314-macosx_10_13_x86_64.whl", hash = "sha256:02a0f7e629f73cc0be598c8b0611bf28ec3b948c549578a26111b01307fd4051"},
    {file = "lxml-6.0.1-cp314-cp314-manylinux2014_aarch64.manylinux_2_17_aarch64.whl", hash = "sha256:beab5e54de016e730875f612ba51e54c331e2fa6dc78ecf9a5415fc90d619348"},
    {file = "lxml-6.0.1-cp314-cp314-manylinux2014_x86_64.manylinux_2_17_x86_64.whl", hash = "sha256:92a08aefecd19ecc4ebf053c27789dd92c87821df2583a4337131cf181a1dffa"},
    {file = "lxml-6.0.1-cp314-cp314-manylinux_2_26_aarch64.manylinux_2_28_aarch64.whl", hash = "sha256:36c8fa7e177649470bc3dcf7eae6bee1e4984aaee496b9ccbf30e97ac4127fa2"},
    {file = "lxml-6.0.1-cp314-cp314-manylinux_2_26_i686.manylinux_2_28_i686.whl", hash = "sha256:5d08e0f1af6916267bb7eff21c09fa105620f07712424aaae09e8cb5dd4164d1"},
    {file = "lxml-6.0.1-cp314-cp314-manylinux_2_26_ppc64le.manylinux_2_28_ppc64le.whl", hash = "sha256:9705cdfc05142f8c38c97a61bd3a29581ceceb973a014e302ee4a73cc6632476"},
    {file = "lxml-6.0.1-cp314-cp314-manylinux_2_26_x86_64.manylinux_2_28_x86_64.whl", hash = "sha256:74555e2da7c1636e30bff4e6e38d862a634cf020ffa591f1f63da96bf8b34772"},
    {file = "lxml-6.0.1-cp314-cp314-manylinux_2_31_armv7l.whl", hash = "sha256:e38b5f94c5a2a5dadaddd50084098dfd005e5a2a56cd200aaf5e0a20e8941782"},
    {file = "lxml-6.0.1-cp314-cp314-manylinux_2_38_riscv64.manylinux_2_39_riscv64.whl", hash = "sha256:a5ec101a92ddacb4791977acfc86c1afd624c032974bfb6a21269d1083c9bc49"},
    {file = "lxml-6.0.1-cp314-cp314-musllinux_1_2_aarch64.whl", hash = "sha256:5c17e70c82fd777df586c12114bbe56e4e6f823a971814fd40dec9c0de518772"},
    {file = "lxml-6.0.1-cp314-cp314-musllinux_1_2_armv7l.whl", hash = "sha256:45fdd0415a0c3d91640b5d7a650a8f37410966a2e9afebb35979d06166fd010e"},
    {file = "lxml-6.0.1-cp314-cp314-musllinux_1_2_ppc64le.whl", hash = "sha256:d417eba28981e720a14fcb98f95e44e7a772fe25982e584db38e5d3b6ee02e79"},
    {file = "lxml-6.0.1-cp314-cp314-musllinux_1_2_riscv64.whl", hash = "sha256:8e5d116b9e59be7934febb12c41cce2038491ec8fdb743aeacaaf36d6e7597e4"},
    {file = "lxml-6.0.1-cp314-cp314-musllinux_1_2_x86_64.whl", hash = "sha256:c238f0d0d40fdcb695c439fe5787fa69d40f45789326b3bb6ef0d61c4b588d6e"},
    {file = "lxml-6.0.1-cp314-cp314-win32.whl", hash = "sha256:537b6cf1c5ab88cfd159195d412edb3e434fee880f206cbe68dff9c40e17a68a"},
    {file = "lxml-6.0.1-cp314-cp314-win_amd64.whl", hash = "sha256:911d0a2bb3ef3df55b3d97ab325a9ca7e438d5112c102b8495321105d25a441b"},
    {file = "lxml-6.0.1-cp314-cp314-win_arm64.whl", hash = "sha256:2834377b0145a471a654d699bdb3a2155312de492142ef5a1d426af2c60a0a31"},
    {file = "lxml-6.0.1-cp38-cp38-macosx_10_9_x86_64.whl", hash = "sha256:9283997edb661ebba05314da1b9329e628354be310bbf947b0faa18263c5df1b"},
    {file = "lxml-6.0.1-cp38-cp38-manylinux2014_x86_64.manylinux_2_17_x86_64.whl", hash = "sha256:1beca37c6e7a4ddd1ca24829e2c6cb60b5aad0d6936283b5b9909a7496bd97af"},
    {file = "lxml-6.0.1-cp38-cp38-manylinux_2_26_i686.manylinux_2_28_i686.whl", hash = "sha256:42897fe8cb097274087fafc8251a39b4cf8d64a7396d49479bdc00b3587331cb"},
    {file = "lxml-6.0.1-cp38-cp38-manylinux_2_26_x86_64.manylinux_2_28_x86_64.whl", hash = "sha256:0ef8cd44a080bfb92776047d11ab64875faf76e0d8be20ea3ff0c1e67b3fc9cb"},
    {file = "lxml-6.0.1-cp38-cp38-musllinux_1_2_x86_64.whl", hash = "sha256:433ab647dad6a9fb31418ccd3075dcb4405ece75dced998789fe14a8e1e3785c"},
    {file = "lxml-6.0.1-cp38-cp38-win32.whl", hash = "sha256:bfa30ef319462242333ef8f0c7631fb8b8b8eae7dca83c1f235d2ea2b7f8ff2b"},
    {file = "lxml-6.0.1-cp38-cp38-win_amd64.whl", hash = "sha256:7f36e4a2439d134b8e70f92ff27ada6fb685966de385668e21c708021733ead1"},
    {file = "lxml-6.0.1-cp39-cp39-macosx_10_9_universal2.whl", hash = "sha256:edb975280633a68d0988b11940834ce2b0fece9f5278297fc50b044cb713f0e1"},
    {file = "lxml-6.0.1-cp39-cp39-macosx_10_9_x86_64.whl", hash = "sha256:d4c5acb9bc22f2026bbd0ecbfdb890e9b3e5b311b992609d35034706ad111b5d"},
    {file = "lxml-6.0.1-cp39-cp39-manylinux2014_aarch64.manylinux_2_17_aarch64.whl", hash = "sha256:47ab1aff82a95a07d96c1eff4eaebec84f823e0dfb4d9501b1fbf9621270c1d3"},
    {file = "lxml-6.0.1-cp39-cp39-manylinux2014_x86_64.manylinux_2_17_x86_64.whl", hash = "sha256:faa7233bdb7a4365e2411a665d034c370ac82798a926e65f76c26fbbf0fd14b7"},
    {file = "lxml-6.0.1-cp39-cp39-manylinux_2_26_aarch64.manylinux_2_28_aarch64.whl", hash = "sha256:c71a0ce0e08c7e11e64895c720dc7752bf064bfecd3eb2c17adcd7bfa8ffb22c"},
    {file = "lxml-6.0.1-cp39-cp39-manylinux_2_26_i686.manylinux_2_28_i686.whl", hash = "sha256:57744270a512a93416a149f8b6ea1dbbbee127f5edcbcd5adf28e44b6ff02f33"},
    {file = "lxml-6.0.1-cp39-cp39-manylinux_2_26_x86_64.manylinux_2_28_x86_64.whl", hash = "sha256:e89d977220f7b1f0c725ac76f5c65904193bd4c264577a3af9017de17560ea7e"},
    {file = "lxml-6.0.1-cp39-cp39-manylinux_2_31_armv7l.whl", hash = "sha256:0c8f7905f1971c2c408badf49ae0ef377cc54759552bcf08ae7a0a8ed18999c2"},
    {file = "lxml-6.0.1-cp39-cp39-musllinux_1_2_aarch64.whl", hash = "sha256:ea27626739e82f2be18cbb1aff7ad59301c723dc0922d9a00bc4c27023f16ab7"},
    {file = "lxml-6.0.1-cp39-cp39-musllinux_1_2_armv7l.whl", hash = "sha256:21300d8c1bbcc38925aabd4b3c2d6a8b09878daf9e8f2035f09b5b002bcddd66"},
    {file = "lxml-6.0.1-cp39-cp39-musllinux_1_2_x86_64.whl", hash = "sha256:021497a94907c5901cd49d24b5b0fdd18d198a06611f5ce26feeb67c901b92f2"},
    {file = "lxml-6.0.1-cp39-cp39-win32.whl", hash = "sha256:620869f2a3ec1475d000b608024f63259af8d200684de380ccb9650fbc14d1bb"},
    {file = "lxml-6.0.1-cp39-cp39-win_amd64.whl", hash = "sha256:afae3a15889942426723839a3cf56dab5e466f7d873640a7a3c53abc671e2387"},
    {file = "lxml-6.0.1-cp39-cp39-win_arm64.whl", hash = "sha256:2719e42acda8f3444a0d88204fd90665116dda7331934da4d479dd9296c33ce2"},
    {file = "lxml-6.0.1-pp310-pypy310_pp73-macosx_10_15_x86_64.whl", hash = "sha256:0abfbaf4ebbd7fd33356217d317b6e4e2ef1648be6a9476a52b57ffc6d8d1780"},
    {file = "lxml-6.0.1-pp310-pypy310_pp73-manylinux2014_aarch64.manylinux_2_17_aarch64.whl", hash = "sha256:1ebbf2d9775be149235abebdecae88fe3b3dd06b1797cd0f6dffe6948e85309d"},
    {file = "lxml-6.0.1-pp310-pypy310_pp73-manylinux2014_x86_64.manylinux_2_17_x86_64.whl", hash = "sha256:a389e9f11c010bd30531325805bbe97bdf7f728a73d0ec475adef57ffec60547"},
    {file = "lxml-6.0.1-pp310-pypy310_pp73-manylinux_2_26_aarch64.manylinux_2_28_aarch64.whl", hash = "sha256:8f5cf2addfbbe745251132c955ad62d8519bb4b2c28b0aa060eca4541798d86e"},
    {file = "lxml-6.0.1-pp310-pypy310_pp73-manylinux_2_26_x86_64.manylinux_2_28_x86_64.whl", hash = "sha256:f1b60a3287bf33a2a54805d76b82055bcc076e445fd539ee9ae1fe85ed373691"},
    {file = "lxml-6.0.1-pp310-pypy310_pp73-win_amd64.whl", hash = "sha256:f7bbfb0751551a8786915fc6b615ee56344dacc1b1033697625b553aefdd9837"},
    {file = "lxml-6.0.1-pp311-pypy311_pp73-macosx_10_15_x86_64.whl", hash = "sha256:b556aaa6ef393e989dac694b9c95761e32e058d5c4c11ddeef33f790518f7a5e"},
    {file = "lxml-6.0.1-pp311-pypy311_pp73-manylinux2014_aarch64.manylinux_2_17_aarch64.whl", hash = "sha256:64fac7a05ebb3737b79fd89fe5a5b6c5546aac35cfcfd9208eb6e5d13215771c"},
    {file = "lxml-6.0.1-pp311-pypy311_pp73-manylinux2014_x86_64.manylinux_2_17_x86_64.whl", hash = "sha256:038d3c08babcfce9dc89aaf498e6da205efad5b7106c3b11830a488d4eadf56b"},
    {file = "lxml-6.0.1-pp311-pypy311_pp73-manylinux_2_26_aarch64.manylinux_2_28_aarch64.whl", hash = "sha256:445f2cee71c404ab4259bc21e20339a859f75383ba2d7fb97dfe7c163994287b"},
    {file = "lxml-6.0.1-pp311-pypy311_pp73-manylinux_2_26_x86_64.manylinux_2_28_x86_64.whl", hash = "sha256:e352d8578e83822d70bea88f3d08b9912528e4c338f04ab707207ab12f4b7aac"},
    {file = "lxml-6.0.1-pp311-pypy311_pp73-win_amd64.whl", hash = "sha256:51bd5d1a9796ca253db6045ab45ca882c09c071deafffc22e06975b7ace36300"},
    {file = "lxml-6.0.1.tar.gz", hash = "sha256:2b3a882ebf27dd026df3801a87cf49ff791336e0f94b0fad195db77e01240690"},
]

[package.extras]
cssselect = ["cssselect (>=0.7)"]
html-clean = ["lxml_html_clean"]
html5 = ["html5lib"]
htmlsoup = ["BeautifulSoup4"]

[[package]]
name = "mypy-extensions"
version = "1.0.0"
description = "Type system extensions for programs checked with the mypy type checker."
optional = false
python-versions = ">=3.5"
groups = ["dev"]
files = [
    {file = "mypy_extensions-1.0.0-py3-none-any.whl", hash = "sha256:4392f6c0eb8a5668a69e23d168ffa70f0be9ccfd32b5cc2d26a34ae5b844552d"},
    {file = "mypy_extensions-1.0.0.tar.gz", hash = "sha256:75dbf8955dc00442a438fc4d0666508a9a97b6bd41aa2f0ffe9d2f2725af0782"},
]

[[package]]
name = "nodeenv"
version = "1.9.1"
description = "Node.js virtual environment builder"
optional = false
python-versions = "!=3.0.*,!=3.1.*,!=3.2.*,!=3.3.*,!=3.4.*,!=3.5.*,!=3.6.*,>=2.7"
groups = ["dev"]
files = [
    {file = "nodeenv-1.9.1-py2.py3-none-any.whl", hash = "sha256:ba11c9782d29c27c70ffbdda2d7415098754709be8a7056d79a737cd901155c9"},
    {file = "nodeenv-1.9.1.tar.gz", hash = "sha256:6ec12890a2dab7946721edbfbcd91f3319c6ccc9aec47be7c7e6b7011ee6645f"},
]

[[package]]
name = "packaging"
version = "24.2"
description = "Core utilities for Python packages"
optional = false
python-versions = ">=3.8"
groups = ["dev", "test"]
files = [
    {file = "packaging-24.2-py3-none-any.whl", hash = "sha256:09abb1bccd265c01f4a3aa3f7a7db064b36514d2cba19a2f694fe6150451a759"},
    {file = "packaging-24.2.tar.gz", hash = "sha256:c228a6dc5e932d346bc5739379109d49e8853dd8223571c7c5b55260edc0b97f"},
]

[[package]]
name = "pathspec"
version = "0.12.1"
description = "Utility library for gitignore style pattern matching of file paths."
optional = false
python-versions = ">=3.8"
groups = ["dev"]
files = [
    {file = "pathspec-0.12.1-py3-none-any.whl", hash = "sha256:a0d503e138a4c123b27490a4f7beda6a01c6f288df0e4a8b79c7eb0dc7b4cc08"},
    {file = "pathspec-0.12.1.tar.gz", hash = "sha256:a482d51503a1ab33b1c67a6c3813a26953dbdc71c31dacaef9a838c4e29f5712"},
]

[[package]]
name = "platformdirs"
version = "4.3.7"
description = "A small Python package for determining appropriate platform-specific dirs, e.g. a `user data dir`."
optional = false
python-versions = ">=3.9"
groups = ["dev"]
files = [
    {file = "platformdirs-4.3.7-py3-none-any.whl", hash = "sha256:a03875334331946f13c549dbd8f4bac7a13a50a895a0eb1e8c6a8ace80d40a94"},
    {file = "platformdirs-4.3.7.tar.gz", hash = "sha256:eb437d586b6a0986388f0d6f74aa0cde27b48d0e3d66843640bfb6bdcdb6e351"},
]

[package.extras]
docs = ["furo (>=2024.8.6)", "proselint (>=0.14)", "sphinx (>=8.1.3)", "sphinx-autodoc-typehints (>=3)"]
test = ["appdirs (==1.4.4)", "covdefaults (>=2.3)", "pytest (>=8.3.4)", "pytest-cov (>=6)", "pytest-mock (>=3.14)"]
type = ["mypy (>=1.14.1)"]

[[package]]
name = "pluggy"
version = "1.5.0"
description = "plugin and hook calling mechanisms for python"
optional = false
python-versions = ">=3.8"
groups = ["test"]
files = [
    {file = "pluggy-1.5.0-py3-none-any.whl", hash = "sha256:44e1ad92c8ca002de6377e165f3e0f1be63266ab4d554740532335b9d75ea669"},
    {file = "pluggy-1.5.0.tar.gz", hash = "sha256:2cffa88e94fdc978c4c574f15f9e59b7f4201d439195c3715ca9e2486f1d0cf1"},
]

[package.extras]
dev = ["pre-commit", "tox"]
testing = ["pytest", "pytest-benchmark"]

[[package]]
name = "pre-commit"
version = "4.3.0"
description = "A framework for managing and maintaining multi-language pre-commit hooks."
optional = false
python-versions = ">=3.9"
groups = ["dev"]
files = [
    {file = "pre_commit-4.3.0-py2.py3-none-any.whl", hash = "sha256:2b0747ad7e6e967169136edffee14c16e148a778a54e4f967921aa1ebf2308d8"},
    {file = "pre_commit-4.3.0.tar.gz", hash = "sha256:499fe450cc9d42e9d58e606262795ecb64dd05438943c62b66f6a8673da30b16"},
]

[package.dependencies]
cfgv = ">=2.0.0"
identify = ">=1.0.0"
nodeenv = ">=0.11.1"
pyyaml = ">=5.1"
virtualenv = ">=20.10.0"

[[package]]
name = "pyjsparser"
version = "2.7.1"
description = "Fast javascript parser (based on esprima.js)"
optional = false
python-versions = "*"
groups = ["main"]
files = [
    {file = "pyjsparser-2.7.1-py2-none-any.whl", hash = "sha256:2b12842df98d83f65934e0772fa4a5d8b123b3bc79f1af1789172ac70265dd21"},
    {file = "pyjsparser-2.7.1.tar.gz", hash = "sha256:be60da6b778cc5a5296a69d8e7d614f1f870faf94e1b1b6ac591f2ad5d729579"},
]

[[package]]
name = "pytest"
version = "8.3.5"
description = "pytest: simple powerful testing with Python"
optional = false
python-versions = ">=3.8"
groups = ["test"]
files = [
    {file = "pytest-8.3.5-py3-none-any.whl", hash = "sha256:c69214aa47deac29fad6c2a4f590b9c4a9fdb16a403176fe154b79c0b4d4d820"},
    {file = "pytest-8.3.5.tar.gz", hash = "sha256:f4efe70cc14e511565ac476b57c279e12a855b11f48f212af1080ef2263d3845"},
]

[package.dependencies]
colorama = {version = "*", markers = "sys_platform == \"win32\""}
exceptiongroup = {version = ">=1.0.0rc8", markers = "python_version < \"3.11\""}
iniconfig = "*"
packaging = "*"
pluggy = ">=1.5,<2"
tomli = {version = ">=1", markers = "python_version < \"3.11\""}

[package.extras]
dev = ["argcomplete", "attrs (>=19.2)", "hypothesis (>=3.56)", "mock", "pygments (>=2.7.2)", "requests", "setuptools", "xmlschema"]

[[package]]
name = "pyyaml"
version = "6.0.2"
description = "YAML parser and emitter for Python"
optional = false
python-versions = ">=3.8"
groups = ["dev"]
files = [
    {file = "PyYAML-6.0.2-cp310-cp310-macosx_10_9_x86_64.whl", hash = "sha256:0a9a2848a5b7feac301353437eb7d5957887edbf81d56e903999a75a3d743086"},
    {file = "PyYAML-6.0.2-cp310-cp310-macosx_11_0_arm64.whl", hash = "sha256:29717114e51c84ddfba879543fb232a6ed60086602313ca38cce623c1d62cfbf"},
    {file = "PyYAML-6.0.2-cp310-cp310-manylinux_2_17_aarch64.manylinux2014_aarch64.whl", hash = "sha256:8824b5a04a04a047e72eea5cec3bc266db09e35de6bdfe34c9436ac5ee27d237"},
    {file = "PyYAML-6.0.2-cp310-cp310-manylinux_2_17_s390x.manylinux2014_s390x.whl", hash = "sha256:7c36280e6fb8385e520936c3cb3b8042851904eba0e58d277dca80a5cfed590b"},
    {file = "PyYAML-6.0.2-cp310-cp310-manylinux_2_17_x86_64.manylinux2014_x86_64.whl", hash = "sha256:ec031d5d2feb36d1d1a24380e4db6d43695f3748343d99434e6f5f9156aaa2ed"},
    {file = "PyYAML-6.0.2-cp310-cp310-musllinux_1_1_aarch64.whl", hash = "sha256:936d68689298c36b53b29f23c6dbb74de12b4ac12ca6cfe0e047bedceea56180"},
    {file = "PyYAML-6.0.2-cp310-cp310-musllinux_1_1_x86_64.whl", hash = "sha256:23502f431948090f597378482b4812b0caae32c22213aecf3b55325e049a6c68"},
    {file = "PyYAML-6.0.2-cp310-cp310-win32.whl", hash = "sha256:2e99c6826ffa974fe6e27cdb5ed0021786b03fc98e5ee3c5bfe1fd5015f42b99"},
    {file = "PyYAML-6.0.2-cp310-cp310-win_amd64.whl", hash = "sha256:a4d3091415f010369ae4ed1fc6b79def9416358877534caf6a0fdd2146c87a3e"},
    {file = "PyYAML-6.0.2-cp311-cp311-macosx_10_9_x86_64.whl", hash = "sha256:cc1c1159b3d456576af7a3e4d1ba7e6924cb39de8f67111c735f6fc832082774"},
    {file = "PyYAML-6.0.2-cp311-cp311-macosx_11_0_arm64.whl", hash = "sha256:1e2120ef853f59c7419231f3bf4e7021f1b936f6ebd222406c3b60212205d2ee"},
    {file = "PyYAML-6.0.2-cp311-cp311-manylinux_2_17_aarch64.manylinux2014_aarch64.whl", hash = "sha256:5d225db5a45f21e78dd9358e58a98702a0302f2659a3c6cd320564b75b86f47c"},
    {file = "PyYAML-6.0.2-cp311-cp311-manylinux_2_17_s390x.manylinux2014_s390x.whl", hash = "sha256:5ac9328ec4831237bec75defaf839f7d4564be1e6b25ac710bd1a96321cc8317"},
    {file = "PyYAML-6.0.2-cp311-cp311-manylinux_2_17_x86_64.manylinux2014_x86_64.whl", hash = "sha256:3ad2a3decf9aaba3d29c8f537ac4b243e36bef957511b4766cb0057d32b0be85"},
    {file = "PyYAML-6.0.2-cp311-cp311-musllinux_1_1_aarch64.whl", hash = "sha256:ff3824dc5261f50c9b0dfb3be22b4567a6f938ccce4587b38952d85fd9e9afe4"},
    {file = "PyYAML-6.0.2-cp311-cp311-musllinux_1_1_x86_64.whl", hash = "sha256:797b4f722ffa07cc8d62053e4cff1486fa6dc094105d13fea7b1de7d8bf71c9e"},
    {file = "PyYAML-6.0.2-cp311-cp311-win32.whl", hash = "sha256:11d8f3dd2b9c1207dcaf2ee0bbbfd5991f571186ec9cc78427ba5bd32afae4b5"},
    {file = "PyYAML-6.0.2-cp311-cp311-win_amd64.whl", hash = "sha256:e10ce637b18caea04431ce14fabcf5c64a1c61ec9c56b071a4b7ca131ca52d44"},
    {file = "PyYAML-6.0.2-cp312-cp312-macosx_10_9_x86_64.whl", hash = "sha256:c70c95198c015b85feafc136515252a261a84561b7b1d51e3384e0655ddf25ab"},
    {file = "PyYAML-6.0.2-cp312-cp312-macosx_11_0_arm64.whl", hash = "sha256:ce826d6ef20b1bc864f0a68340c8b3287705cae2f8b4b1d932177dcc76721725"},
    {file = "PyYAML-6.0.2-cp312-cp312-manylinux_2_17_aarch64.manylinux2014_aarch64.whl", hash = "sha256:1f71ea527786de97d1a0cc0eacd1defc0985dcf6b3f17bb77dcfc8c34bec4dc5"},
    {file = "PyYAML-6.0.2-cp312-cp312-manylinux_2_17_s390x.manylinux2014_s390x.whl", hash = "sha256:9b22676e8097e9e22e36d6b7bda33190d0d400f345f23d4065d48f4ca7ae0425"},
    {file = "PyYAML-6.0.2-cp312-cp312-manylinux_2_17_x86_64.manylinux2014_x86_64.whl", hash = "sha256:80bab7bfc629882493af4aa31a4cfa43a4c57c83813253626916b8c7ada83476"},
    {file = "PyYAML-6.0.2-cp312-cp312-musllinux_1_1_aarch64.whl", hash = "sha256:0833f8694549e586547b576dcfaba4a6b55b9e96098b36cdc7ebefe667dfed48"},
    {file = "PyYAML-6.0.2-cp312-cp312-musllinux_1_1_x86_64.whl", hash = "sha256:8b9c7197f7cb2738065c481a0461e50ad02f18c78cd75775628afb4d7137fb3b"},
    {file = "PyYAML-6.0.2-cp312-cp312-win32.whl", hash = "sha256:ef6107725bd54b262d6dedcc2af448a266975032bc85ef0172c5f059da6325b4"},
    {file = "PyYAML-6.0.2-cp312-cp312-win_amd64.whl", hash = "sha256:7e7401d0de89a9a855c839bc697c079a4af81cf878373abd7dc625847d25cbd8"},
    {file = "PyYAML-6.0.2-cp313-cp313-macosx_10_13_x86_64.whl", hash = "sha256:efdca5630322a10774e8e98e1af481aad470dd62c3170801852d752aa7a783ba"},
    {file = "PyYAML-6.0.2-cp313-cp313-macosx_11_0_arm64.whl", hash = "sha256:50187695423ffe49e2deacb8cd10510bc361faac997de9efef88badc3bb9e2d1"},
    {file = "PyYAML-6.0.2-cp313-cp313-manylinux_2_17_aarch64.manylinux2014_aarch64.whl", hash = "sha256:0ffe8360bab4910ef1b9e87fb812d8bc0a308b0d0eef8c8f44e0254ab3b07133"},
    {file = "PyYAML-6.0.2-cp313-cp313-manylinux_2_17_s390x.manylinux2014_s390x.whl", hash = "sha256:17e311b6c678207928d649faa7cb0d7b4c26a0ba73d41e99c4fff6b6c3276484"},
    {file = "PyYAML-6.0.2-cp313-cp313-manylinux_2_17_x86_64.manylinux2014_x86_64.whl", hash = "sha256:70b189594dbe54f75ab3a1acec5f1e3faa7e8cf2f1e08d9b561cb41b845f69d5"},
    {file = "PyYAML-6.0.2-cp313-cp313-musllinux_1_1_aarch64.whl", hash = "sha256:41e4e3953a79407c794916fa277a82531dd93aad34e29c2a514c2c0c5fe971cc"},
    {file = "PyYAML-6.0.2-cp313-cp313-musllinux_1_1_x86_64.whl", hash = "sha256:68ccc6023a3400877818152ad9a1033e3db8625d899c72eacb5a668902e4d652"},
    {file = "PyYAML-6.0.2-cp313-cp313-win32.whl", hash = "sha256:bc2fa7c6b47d6bc618dd7fb02ef6fdedb1090ec036abab80d4681424b84c1183"},
    {file = "PyYAML-6.0.2-cp313-cp313-win_amd64.whl", hash = "sha256:8388ee1976c416731879ac16da0aff3f63b286ffdd57cdeb95f3f2e085687563"},
    {file = "PyYAML-6.0.2-cp38-cp38-macosx_10_9_x86_64.whl", hash = "sha256:24471b829b3bf607e04e88d79542a9d48bb037c2267d7927a874e6c205ca7e9a"},
    {file = "PyYAML-6.0.2-cp38-cp38-manylinux_2_17_aarch64.manylinux2014_aarch64.whl", hash = "sha256:d7fded462629cfa4b685c5416b949ebad6cec74af5e2d42905d41e257e0869f5"},
    {file = "PyYAML-6.0.2-cp38-cp38-manylinux_2_17_s390x.manylinux2014_s390x.whl", hash = "sha256:d84a1718ee396f54f3a086ea0a66d8e552b2ab2017ef8b420e92edbc841c352d"},
    {file = "PyYAML-6.0.2-cp38-cp38-manylinux_2_17_x86_64.manylinux2014_x86_64.whl", hash = "sha256:9056c1ecd25795207ad294bcf39f2db3d845767be0ea6e6a34d856f006006083"},
    {file = "PyYAML-6.0.2-cp38-cp38-musllinux_1_1_x86_64.whl", hash = "sha256:82d09873e40955485746739bcb8b4586983670466c23382c19cffecbf1fd8706"},
    {file = "PyYAML-6.0.2-cp38-cp38-win32.whl", hash = "sha256:43fa96a3ca0d6b1812e01ced1044a003533c47f6ee8aca31724f78e93ccc089a"},
    {file = "PyYAML-6.0.2-cp38-cp38-win_amd64.whl", hash = "sha256:01179a4a8559ab5de078078f37e5c1a30d76bb88519906844fd7bdea1b7729ff"},
    {file = "PyYAML-6.0.2-cp39-cp39-macosx_10_9_x86_64.whl", hash = "sha256:688ba32a1cffef67fd2e9398a2efebaea461578b0923624778664cc1c914db5d"},
    {file = "PyYAML-6.0.2-cp39-cp39-macosx_11_0_arm64.whl", hash = "sha256:a8786accb172bd8afb8be14490a16625cbc387036876ab6ba70912730faf8e1f"},
    {file = "PyYAML-6.0.2-cp39-cp39-manylinux_2_17_aarch64.manylinux2014_aarch64.whl", hash = "sha256:d8e03406cac8513435335dbab54c0d385e4a49e4945d2909a581c83647ca0290"},
    {file = "PyYAML-6.0.2-cp39-cp39-manylinux_2_17_s390x.manylinux2014_s390x.whl", hash = "sha256:f753120cb8181e736c57ef7636e83f31b9c0d1722c516f7e86cf15b7aa57ff12"},
    {file = "PyYAML-6.0.2-cp39-cp39-manylinux_2_17_x86_64.manylinux2014_x86_64.whl", hash = "sha256:3b1fdb9dc17f5a7677423d508ab4f243a726dea51fa5e70992e59a7411c89d19"},
    {file = "PyYAML-6.0.2-cp39-cp39-musllinux_1_1_aarch64.whl", hash = "sha256:0b69e4ce7a131fe56b7e4d770c67429700908fc0752af059838b1cfb41960e4e"},
    {file = "PyYAML-6.0.2-cp39-cp39-musllinux_1_1_x86_64.whl", hash = "sha256:a9f8c2e67970f13b16084e04f134610fd1d374bf477b17ec1599185cf611d725"},
    {file = "PyYAML-6.0.2-cp39-cp39-win32.whl", hash = "sha256:6395c297d42274772abc367baaa79683958044e5d3835486c16da75d2a694631"},
    {file = "PyYAML-6.0.2-cp39-cp39-win_amd64.whl", hash = "sha256:39693e1f8320ae4f43943590b49779ffb98acb81f788220ea932a6b6c51004d8"},
    {file = "pyyaml-6.0.2.tar.gz", hash = "sha256:d584d9ec91ad65861cc08d42e834324ef890a082e591037abe114850ff7bbc3e"},
]

[[package]]
name = "tomli"
version = "2.2.1"
description = "A lil' TOML parser"
optional = false
python-versions = ">=3.8"
groups = ["dev", "test"]
markers = "python_version < \"3.11\""
files = [
    {file = "tomli-2.2.1-cp311-cp311-macosx_10_9_x86_64.whl", hash = "sha256:678e4fa69e4575eb77d103de3df8a895e1591b48e740211bd1067378c69e8249"},
    {file = "tomli-2.2.1-cp311-cp311-macosx_11_0_arm64.whl", hash = "sha256:023aa114dd824ade0100497eb2318602af309e5a55595f76b626d6d9f3b7b0a6"},
    {file = "tomli-2.2.1-cp311-cp311-manylinux_2_17_aarch64.manylinux2014_aarch64.whl", hash = "sha256:ece47d672db52ac607a3d9599a9d48dcb2f2f735c6c2d1f34130085bb12b112a"},
    {file = "tomli-2.2.1-cp311-cp311-manylinux_2_17_x86_64.manylinux2014_x86_64.whl", hash = "sha256:6972ca9c9cc9f0acaa56a8ca1ff51e7af152a9f87fb64623e31d5c83700080ee"},
    {file = "tomli-2.2.1-cp311-cp311-manylinux_2_5_i686.manylinux1_i686.manylinux_2_17_i686.manylinux2014_i686.whl", hash = "sha256:c954d2250168d28797dd4e3ac5cf812a406cd5a92674ee4c8f123c889786aa8e"},
    {file = "tomli-2.2.1-cp311-cp311-musllinux_1_2_aarch64.whl", hash = "sha256:8dd28b3e155b80f4d54beb40a441d366adcfe740969820caf156c019fb5c7ec4"},
    {file = "tomli-2.2.1-cp311-cp311-musllinux_1_2_i686.whl", hash = "sha256:e59e304978767a54663af13c07b3d1af22ddee3bb2fb0618ca1593e4f593a106"},
    {file = "tomli-2.2.1-cp311-cp311-musllinux_1_2_x86_64.whl", hash = "sha256:33580bccab0338d00994d7f16f4c4ec25b776af3ffaac1ed74e0b3fc95e885a8"},
    {file = "tomli-2.2.1-cp311-cp311-win32.whl", hash = "sha256:465af0e0875402f1d226519c9904f37254b3045fc5084697cefb9bdde1ff99ff"},
    {file = "tomli-2.2.1-cp311-cp311-win_amd64.whl", hash = "sha256:2d0f2fdd22b02c6d81637a3c95f8cd77f995846af7414c5c4b8d0545afa1bc4b"},
    {file = "tomli-2.2.1-cp312-cp312-macosx_10_13_x86_64.whl", hash = "sha256:4a8f6e44de52d5e6c657c9fe83b562f5f4256d8ebbfe4ff922c495620a7f6cea"},
    {file = "tomli-2.2.1-cp312-cp312-macosx_11_0_arm64.whl", hash = "sha256:8d57ca8095a641b8237d5b079147646153d22552f1c637fd3ba7f4b0b29167a8"},
    {file = "tomli-2.2.1-cp312-cp312-manylinux_2_17_aarch64.manylinux2014_aarch64.whl", hash = "sha256:4e340144ad7ae1533cb897d406382b4b6fede8890a03738ff1683af800d54192"},
    {file = "tomli-2.2.1-cp312-cp312-manylinux_2_17_x86_64.manylinux2014_x86_64.whl", hash = "sha256:db2b95f9de79181805df90bedc5a5ab4c165e6ec3fe99f970d0e302f384ad222"},
    {file = "tomli-2.2.1-cp312-cp312-manylinux_2_5_i686.manylinux1_i686.manylinux_2_17_i686.manylinux2014_i686.whl", hash = "sha256:40741994320b232529c802f8bc86da4e1aa9f413db394617b9a256ae0f9a7f77"},
    {file = "tomli-2.2.1-cp312-cp312-musllinux_1_2_aarch64.whl", hash = "sha256:400e720fe168c0f8521520190686ef8ef033fb19fc493da09779e592861b78c6"},
    {file = "tomli-2.2.1-cp312-cp312-musllinux_1_2_i686.whl", hash = "sha256:02abe224de6ae62c19f090f68da4e27b10af2b93213d36cf44e6e1c5abd19fdd"},
    {file = "tomli-2.2.1-cp312-cp312-musllinux_1_2_x86_64.whl", hash = "sha256:b82ebccc8c8a36f2094e969560a1b836758481f3dc360ce9a3277c65f374285e"},
    {file = "tomli-2.2.1-cp312-cp312-win32.whl", hash = "sha256:889f80ef92701b9dbb224e49ec87c645ce5df3fa2cc548664eb8a25e03127a98"},
    {file = "tomli-2.2.1-cp312-cp312-win_amd64.whl", hash = "sha256:7fc04e92e1d624a4a63c76474610238576942d6b8950a2d7f908a340494e67e4"},
    {file = "tomli-2.2.1-cp313-cp313-macosx_10_13_x86_64.whl", hash = "sha256:f4039b9cbc3048b2416cc57ab3bda989a6fcf9b36cf8937f01a6e731b64f80d7"},
    {file = "tomli-2.2.1-cp313-cp313-macosx_11_0_arm64.whl", hash = "sha256:286f0ca2ffeeb5b9bd4fcc8d6c330534323ec51b2f52da063b11c502da16f30c"},
    {file = "tomli-2.2.1-cp313-cp313-manylinux_2_17_aarch64.manylinux2014_aarch64.whl", hash = "sha256:a92ef1a44547e894e2a17d24e7557a5e85a9e1d0048b0b5e7541f76c5032cb13"},
    {file = "tomli-2.2.1-cp313-cp313-manylinux_2_17_x86_64.manylinux2014_x86_64.whl", hash = "sha256:9316dc65bed1684c9a98ee68759ceaed29d229e985297003e494aa825ebb0281"},
    {file = "tomli-2.2.1-cp313-cp313-manylinux_2_5_i686.manylinux1_i686.manylinux_2_17_i686.manylinux2014_i686.whl", hash = "sha256:e85e99945e688e32d5a35c1ff38ed0b3f41f43fad8df0bdf79f72b2ba7bc5272"},
    {file = "tomli-2.2.1-cp313-cp313-musllinux_1_2_aarch64.whl", hash = "sha256:ac065718db92ca818f8d6141b5f66369833d4a80a9d74435a268c52bdfa73140"},
    {file = "tomli-2.2.1-cp313-cp313-musllinux_1_2_i686.whl", hash = "sha256:d920f33822747519673ee656a4b6ac33e382eca9d331c87770faa3eef562aeb2"},
    {file = "tomli-2.2.1-cp313-cp313-musllinux_1_2_x86_64.whl", hash = "sha256:a198f10c4d1b1375d7687bc25294306e551bf1abfa4eace6650070a5c1ae2744"},
    {file = "tomli-2.2.1-cp313-cp313-win32.whl", hash = "sha256:d3f5614314d758649ab2ab3a62d4f2004c825922f9e370b29416484086b264ec"},
    {file = "tomli-2.2.1-cp313-cp313-win_amd64.whl", hash = "sha256:a38aa0308e754b0e3c67e344754dff64999ff9b513e691d0e786265c93583c69"},
    {file = "tomli-2.2.1-py3-none-any.whl", hash = "sha256:cb55c73c5f4408779d0cf3eef9f762b9c9f147a77de7b258bef0a5628adc85cc"},
    {file = "tomli-2.2.1.tar.gz", hash = "sha256:cd45e1dc79c835ce60f7404ec8119f2eb06d38b1deba146f07ced3bbc44505ff"},
]

[[package]]
name = "types-beautifulsoup4"
version = "4.12.0.20250204"
description = "Typing stubs for beautifulsoup4"
optional = false
python-versions = ">=3.9"
groups = ["dev"]
files = [
    {file = "types_beautifulsoup4-4.12.0.20250204-py3-none-any.whl", hash = "sha256:57ce9e75717b63c390fd789c787d267a67eb01fa6d800a03b9bdde2e877ed1eb"},
    {file = "types_beautifulsoup4-4.12.0.20250204.tar.gz", hash = "sha256:f083d8edcbd01279f8c3995b56cfff2d01f1bb894c3b502ba118d36fbbc495bf"},
]

[package.dependencies]
types-html5lib = "*"

[[package]]
name = "types-html5lib"
version = "1.1.11.20241018"
description = "Typing stubs for html5lib"
optional = false
python-versions = ">=3.8"
groups = ["dev"]
files = [
    {file = "types-html5lib-1.1.11.20241018.tar.gz", hash = "sha256:98042555ff78d9e3a51c77c918b1041acbb7eb6c405408d8a9e150ff5beccafa"},
    {file = "types_html5lib-1.1.11.20241018-py3-none-any.whl", hash = "sha256:3f1e064d9ed2c289001ae6392c84c93833abb0816165c6ff0abfc304a779f403"},
]

[[package]]
name = "types-lxml"
version = "2024.12.13"
description = "Complete lxml external type annotation"
optional = false
python-versions = ">=3.8"
groups = ["dev"]
files = [
    {file = "types_lxml-2024.12.13-py3-none-any.whl", hash = "sha256:d4830c99ef6f7b9eae176297a2b8dc840b3a75986bf4449592ca09a9a449b27e"},
    {file = "types_lxml-2024.12.13.tar.gz", hash = "sha256:e2dadb92c7f730cd369daf1efe93ebc2ebfa8b692d4415cfc91b727419152e37"},
]

[package.dependencies]
cssselect = ">=1.2,<2.0"
types-beautifulsoup4 = ">=4.12,<5.0"
typing_extensions = {version = ">=4.10,<5.0", markers = "python_version < \"3.13\""}

[package.extras]
mypy = ["mypy (>=1.11,<2.0)"]
pyright = ["pyright (>=1.1.351)"]

[[package]]
name = "typing-extensions"
version = "4.15.0"
description = "Backported and Experimental Type Hints for Python 3.9+"
optional = false
python-versions = ">=3.9"
groups = ["main", "dev"]
files = [
    {file = "typing_extensions-4.15.0-py3-none-any.whl", hash = "sha256:f0fa19c6845758ab08074a0cfa8b7aecb71c999ca73d62883bc25cc018c4e548"},
    {file = "typing_extensions-4.15.0.tar.gz", hash = "sha256:0cea48d173cc12fa28ecabc3b837ea3cf6f38c6d1136f85cbaaf598984861466"},
]

[[package]]
name = "virtualenv"
version = "20.30.0"
description = "Virtual Python Environment builder"
optional = false
python-versions = ">=3.8"
groups = ["dev"]
files = [
    {file = "virtualenv-20.30.0-py3-none-any.whl", hash = "sha256:e34302959180fca3af42d1800df014b35019490b119eba981af27f2fa486e5d6"},
    {file = "virtualenv-20.30.0.tar.gz", hash = "sha256:800863162bcaa5450a6e4d721049730e7f2dae07720e0902b0e4040bd6f9ada8"},
]

[package.dependencies]
distlib = ">=0.3.7,<1"
filelock = ">=3.12.2,<4"
platformdirs = ">=3.9.1,<5"

[package.extras]
docs = ["furo (>=2023.7.26)", "proselint (>=0.13)", "sphinx (>=7.1.2,!=7.3)", "sphinx-argparse (>=0.4)", "sphinxcontrib-towncrier (>=0.2.1a0)", "towncrier (>=23.6)"]
test = ["covdefaults (>=2.3)", "coverage (>=7.2.7)", "coverage-enable-subprocess (>=1)", "flaky (>=3.7)", "packaging (>=23.1)", "pytest (>=7.4)", "pytest-env (>=0.8.2)", "pytest-freezer (>=0.4.8) ; platform_python_implementation == \"PyPy\" or platform_python_implementation == \"GraalVM\" or platform_python_implementation == \"CPython\" and sys_platform == \"win32\" and python_version >= \"3.13\"", "pytest-mock (>=3.11.1)", "pytest-randomly (>=3.12)", "pytest-timeout (>=2.1)", "setuptools (>=68)", "time-machine (>=2.10) ; platform_python_implementation == \"CPython\""]

[metadata]
lock-version = "2.1"
python-versions = "^3.9"
content-hash = "43f12aba1c79755b6efc1bca7c8a67e4b9c7a0d4e4dd342421bf4073359524c0"
